Microsoft Visual Studio Solution File, Format Version 12.00
# Visual Studio Version 17
VisualStudioVersion = 17.5.2.0
MinimumVisualStudioVersion = 10.0.40219.1
Project("{FAE04EC0-301F-11D3-BF4B-00C04F79EFBC}") = "csharp_web", "csharp_web\csharp_web.csproj", "{D95B9559-CD6E-2EA3-582A-ED995AFEEF94}"
EndProject
Global
	GlobalSection(SolutionConfigurationPlatforms) = preSolution
		Debug|Any CPU = Debug|Any CPU
		Release|Any CPU = Release|Any CPU
	EndGlobalSection
	GlobalSection(ProjectConfigurationPlatforms) = postSolution
		{D95B9559-CD6E-2EA3-582A-ED995AFEEF94}.Debug|Any CPU.ActiveCfg = Debug|Any CPU
		{D95B9559-CD6E-2EA3-582A-ED995AFEEF94}.Debug|Any CPU.Build.0 = Debug|Any CPU
		{D95B9559-CD6E-2EA3-582A-ED995AFEEF94}.Release|Any CPU.ActiveCfg = Release|Any CPU
		{D95B9559-CD6E-2EA3-582A-ED995AFEEF94}.Release|Any CPU.Build.0 = Release|Any CPU
	EndGlobalSection
	GlobalSection(SolutionProperties) = preSolution
		HideSolutionNode = FALSE
	EndGlobalSection
	GlobalSection(ExtensibilityGlobals) = postSolution
		SolutionGuid = {87E7653F-3754-408B-9DB1-F84BB0C9DDDD}
	EndGlobalSection
EndGlobal
